# This file is automatically @generated by Poetry 1.8.3 and should not be changed by hand.

[[package]]
name = "jieba"
version = "0.42.1"
description = "Chinese Words Segmentation Utilities"
optional = false
python-versions = "*"
files = [
    {file = "jieba-0.42.1.tar.gz", hash = "sha256:055ca12f62674fafed09427f176506079bc135638a14e23e25be909131928db2"},
]

[[package]]
name = "pyaudio"
version = "0.2.14"
description = "Cross-platform audio I/O with PortAudio"
optional = false
python-versions = "*"
files = [
    {file = "PyAudio-0.2.14-cp310-cp310-win32.whl", hash = "sha256:126065b5e82a1c03ba16e7c0404d8f54e17368836e7d2d92427358ad44fefe61"},
    {file = "PyAudio-0.2.14-cp310-cp310-win_amd64.whl", hash = "sha256:2a166fc88d435a2779810dd2678354adc33499e9d4d7f937f28b20cc55893e83"},
    {file = "PyAudio-0.2.14-cp311-cp311-win32.whl", hash = "sha256:506b32a595f8693811682ab4b127602d404df7dfc453b499c91a80d0f7bad289"},
    {file = "PyAudio-0.2.14-cp311-cp311-win_amd64.whl", hash = "sha256:bbeb01d36a2f472ae5ee5e1451cacc42112986abe622f735bb870a5db77cf903"},
    {file = "PyAudio-0.2.14-cp312-cp312-win32.whl", hash = "sha256:5fce4bcdd2e0e8c063d835dbe2860dac46437506af509353c7f8114d4bacbd5b"},
    {file = "PyAudio-0.2.14-cp312-cp312-win_amd64.whl", hash = "sha256:12f2f1ba04e06ff95d80700a78967897a489c05e093e3bffa05a84ed9c0a7fa3"},
    {file = "PyAudio-0.2.14-cp38-cp38-win32.whl", hash = "sha256:858caf35b05c26d8fc62f1efa2e8f53d5fa1a01164842bd622f70ddc41f55000"},
    {file = "PyAudio-0.2.14-cp38-cp38-win_amd64.whl", hash = "sha256:2dac0d6d675fe7e181ba88f2de88d321059b69abd52e3f4934a8878e03a7a074"},
    {file = "PyAudio-0.2.14-cp39-cp39-win32.whl", hash = "sha256:f745109634a7c19fa4d6b8b7d6967c3123d988c9ade0cd35d4295ee1acdb53e9"},
    {file = "PyAudio-0.2.14-cp39-cp39-win_amd64.whl", hash = "sha256:009f357ee5aa6bc8eb19d69921cd30e98c42cddd34210615d592a71d09c4bd57"},
    {file = "PyAudio-0.2.14.tar.gz", hash = "sha256:78dfff3879b4994d1f4fc6485646a57755c6ee3c19647a491f790a0895bd2f87"},
]

[package.extras]
test = ["numpy"]

[[package]]
name = "pyside6"
version = "6.7.2"
description = "Python bindings for the Qt cross-platform application and UI framework"
optional = false
python-versions = "<3.13,>=3.9"
files = [
    {file = "PySide6-6.7.2-cp39-abi3-macosx_11_0_universal2.whl", hash = "sha256:602debef9ec159b0db48f83b38a0e43e2dad3961f7d99f708d98620f04e9112b"},
    {file = "PySide6-6.7.2-cp39-abi3-manylinux_2_28_x86_64.whl", hash = "sha256:15e7696a09072ee977f6e6179ab1e48184953df8417bcaa83cfadf0b79747242"},
    {file = "PySide6-6.7.2-cp39-abi3-manylinux_2_31_aarch64.whl", hash = "sha256:6e0acb471535de303f56e3077aa86f53496b4de659b99ecce80520bcee508a63"},
    {file = "PySide6-6.7.2-cp39-abi3-win_amd64.whl", hash = "sha256:f73ae0de77d67f51ca3ce8207b12d3a5fa0107d3d5b6e4aeb3b53ee842b0927a"},
]

[package.dependencies]
PySide6-Addons = "6.7.2"
PySide6-Essentials = "6.7.2"
shiboken6 = "6.7.2"

[[package]]
name = "pyside6-addons"
version = "6.7.2"
description = "Python bindings for the Qt cross-platform application and UI framework (Addons)"
optional = false
python-versions = "<3.13,>=3.9"
files = [
    {file = "PySide6_Addons-6.7.2-cp39-abi3-macosx_11_0_universal2.whl", hash = "sha256:90b995efce61058d995c603ea480a9a3054fe8206739dcbc273fc3b53d40650f"},
    {file = "PySide6_Addons-6.7.2-cp39-abi3-manylinux_2_28_x86_64.whl", hash = "sha256:94b9bf6a2a4a7ac671e1776633e50d51326c86f4184f1c6e556f4dd5498fd52a"},
    {file = "PySide6_Addons-6.7.2-cp39-abi3-manylinux_2_31_aarch64.whl", hash = "sha256:22979b1aa09d9cf1d7a86c8a9aa0cb4791d6bd1cc94f96c5b6780c5ef8a9e34e"},
    {file = "PySide6_Addons-6.7.2-cp39-abi3-win_amd64.whl", hash = "sha256:ebf549eb25998665d8e4ec24014fbbd37bebc5ecdcb050b34db1e1c03e1bf81d"},
]

[package.dependencies]
PySide6-Essentials = "6.7.2"
shiboken6 = "6.7.2"

[[package]]
name = "pyside6-essentials"
version = "6.7.2"
description = "Python bindings for the Qt cross-platform application and UI framework (Essentials)"
optional = false
python-versions = "<3.13,>=3.9"
files = [
    {file = "PySide6_Essentials-6.7.2-cp39-abi3-macosx_11_0_universal2.whl", hash = "sha256:4d13666e796ec140ecfb432c4f3d7baef6dfafc11929985a83b22c0025532fb7"},
    {file = "PySide6_Essentials-6.7.2-cp39-abi3-manylinux_2_28_x86_64.whl", hash = "sha256:a1a4c09f1e916b9cfe53151fe4a503a6acb1f6621ba28204d1bfe636f80d6780"},
    {file = "PySide6_Essentials-6.7.2-cp39-abi3-manylinux_2_31_aarch64.whl", hash = "sha256:9135513e1c4c6e2fbb1e4f9afcb3d42e54708b0d9ed870cb3213ea4874cafa1e"},
    {file = "PySide6_Essentials-6.7.2-cp39-abi3-win_amd64.whl", hash = "sha256:0111d5fa8cf826de3ca9d82fed54726cce116d57f454f88a6467578652032d69"},
]

[package.dependencies]
shiboken6 = "6.7.2"

[[package]]
name = "sherpa-onnx"
version = "1.10.22"
description = ""
optional = false
python-versions = ">=3.6"
files = [
    {file = "sherpa-onnx-1.10.22.tar.gz", hash = "sha256:9e651d0ac7f93b6b7ac7aa2ca05a1d281935d11a515be5288932e51f2ed16b95"},
    {file = "sherpa_onnx-1.10.22-cp310-cp310-linux_armv7l.whl", hash = "sha256:f524df2477e3cb7f6b5512f29b4b786ad90cef68a82329890de72419ca478a79"},
    {file = "sherpa_onnx-1.10.22-cp310-cp310-macosx_11_0_arm64.whl", hash = "sha256:1be6c02f93dcb6969892ef9d63a51147abd7905d0229d0201108708c11382760"},
    {file = "sherpa_onnx-1.10.22-cp310-cp310-macosx_11_0_universal2.whl", hash = "sha256:0c69fb2e22f58c9222ec846fa0d91d4c94bee236d467465fe9444f22e88b344a"},
    {file = "sherpa_onnx-1.10.22-cp310-cp310-macosx_11_0_x86_64.whl", hash = "sha256:90f4495598c8c982ee64df9a66acec196dc574dcbaf3c3ab19d0d178e18632c2"},
    {file = "sherpa_onnx-1.10.22-cp310-cp310-manylinux_2_17_aarch64.manylinux2014_aarch64.whl", hash = "sha256:43e49898b3b4e58477fe31b1bf18362997da3e5c93cc6ea904008b9acb132f8c"},
    {file = "sherpa_onnx-1.10.22-cp310-cp310-manylinux_2_17_x86_64.manylinux2014_x86_64.whl", hash = "sha256:99888e1a98cf8f1034dbf7b35b2488dacf8efbbcdb34bdbfa6d1202ce2be59d5"},
    {file = "sherpa_onnx-1.10.22-cp310-cp310-win32.whl", hash = "sha256:87ea2553b0a733a7571942916e8b60d9fdd8ef77550279b8cb36806d2735d3e7"},
    {file = "sherpa_onnx-1.10.22-cp310-cp310-win_amd64.whl", hash = "sha256:e588a6f10b57538014701abfcfb0a74386e1db46ccbf2ab9341891c38c6b7af1"},
    {file = "sherpa_onnx-1.10.22-cp311-cp311-linux_armv7l.whl", hash = "sha256:c27f7ad67e87d60de143870c352fb4b7420e985718e72e74e9837c5ab7ee98f3"},
    {file = "sherpa_onnx-1.10.22-cp311-cp311-macosx_11_0_arm64.whl", hash = "sha256:07549b85139f6e66f84cda736a0a19ad9a71b292cd1c95dc671221130a0ed532"},
    {file = "sherpa_onnx-1.10.22-cp311-cp311-macosx_11_0_universal2.whl", hash = "sha256:7932ff743a73e8b7e3670d625a5a2f530dbe87436bc4c3f1db908bcb359cda41"},
    {file = "sherpa_onnx-1.10.22-cp311-cp311-macosx_11_0_x86_64.whl", hash = "sha256:e1c3e2c1c59502adf0a978b6e60061ad07b912d0df542fa22aaf8c81a8609774"},
    {file = "sherpa_onnx-1.10.22-cp311-cp311-manylinux_2_17_aarch64.manylinux2014_aarch64.whl", hash = "sha256:3a97e331b272bebb926b55b3906194ce3f7a04951bff8ce64188ac20752282b2"},
    {file = "sherpa_onnx-1.10.22-cp311-cp311-manylinux_2_17_x86_64.manylinux2014_x86_64.whl", hash = "sha256:c0eb17608b702a06be9a087a0dd4f8779748d381a0f1f419910b296f1f524bfe"},
    {file = "sherpa_onnx-1.10.22-cp311-cp311-win32.whl", hash = "sha256:280e102e3c1cf8b07e9be5b2a1809037054bcc7edd26e805d624a196e4c52908"},
    {file = "sherpa_onnx-1.10.22-cp311-cp311-win_amd64.whl", hash = "sha256:58cc82c0b0e9c5019a25ee01060d4a8610a1060f9216a0bafa3c417ba4123d54"},
    {file = "sherpa_onnx-1.10.22-cp312-cp312-macosx_11_0_arm64.whl", hash = "sha256:ff3314b34936dc65a64fd713b1b01bb2a843e726fc437ac507986b4e0894533f"},
    {file = "sherpa_onnx-1.10.22-cp312-cp312-macosx_11_0_universal2.whl", hash = "sha256:ec252a0ae62c992eca1ec6de9f325a7a8e9b40c1c57d0297f66beb920dfbc9c1"},
    {file = "sherpa_onnx-1.10.22-cp312-cp312-macosx_11_0_x86_64.whl", hash = "sha256:386f462dbe6d61ef9b2996a2dbaf918ddc0518d5d759bda5eed7bed61291cf82"},
    {file = "sherpa_onnx-1.10.22-cp312-cp312-manylinux_2_17_aarch64.manylinux2014_aarch64.whl", hash = "sha256:cf863c2d2d3d42556edba92aef91c72b74083f9676c7059ab82177310329d8b8"},
    {file = "sherpa_onnx-1.10.22-cp312-cp312-manylinux_2_17_x86_64.manylinux2014_x86_64.whl", hash = "sha256:8d7fa9943101dbdbd1c6a6bcd18494a809c735f2ee2c0988faffc7a05d67e56b"},
    {file = "sherpa_onnx-1.10.22-cp312-cp312-win32.whl", hash = "sha256:0c64e3902eea4f46c71928676e85736c8cbbcc0de022fd27d1ddcfb0b8648c47"},
    {file = "sherpa_onnx-1.10.22-cp312-cp312-win_amd64.whl", hash = "sha256:3d098fd369ab4fc26d0caf53406ca58dff185b0bc7d3d22259f02d92c02dcdf3"},
    {file = "sherpa_onnx-1.10.22-cp37-cp37m-linux_armv7l.whl", hash = "sha256:622dbcd48c02277cdcabb661b96e21be98d44b0bbcdb65ef8771753f4db67bb9"},
    {file = "sherpa_onnx-1.10.22-cp37-cp37m-macosx_11_0_x86_64.whl", hash = "sha256:2bbaba6aef0e1a5a0b56400b56c4500253664338ce3e09bac9d57a60a27fbf5f"},
    {file = "sherpa_onnx-1.10.22-cp37-cp37m-manylinux_2_17_aarch64.manylinux2014_aarch64.whl", hash = "sha256:d905930c595e7f2438a458928decdbee80f500dcbd01f4e513cbeac51bb38d9b"},
    {file = "sherpa_onnx-1.10.22-cp37-cp37m-manylinux_2_17_x86_64.manylinux2014_x86_64.whl", hash = "sha256:d24a9997d97c86da0fa7716c9fa0590a0748ce211cd2db328bdf008b77f3127d"},
    {file = "sherpa_onnx-1.10.22-cp37-cp37m-win32.whl", hash = "sha256:c24baf341dd318f160504df1df5bf1310e744c0ee9680e1106a0df5be1480579"},
    {file = "sherpa_onnx-1.10.22-cp37-cp37m-win_amd64.whl", hash = "sha256:ea1ca2a19d2c4713080e3319fa56d66adc4e3f3b36238d2bf891731799ae5acb"},
    {file = "sherpa_onnx-1.10.22-cp38-cp38-linux_armv7l.whl", hash = "sha256:f5e021425f8dc0749a600e25f824857e33161abd189f864068381d72da21f392"},
    {file = "sherpa_onnx-1.10.22-cp38-cp38-macosx_11_0_arm64.whl", hash = "sha256:6edae466c820fb943abeccf9bde55631c9054b757a444d2118197f920776d9fd"},
    {file = "sherpa_onnx-1.10.22-cp38-cp38-macosx_11_0_universal2.whl", hash = "sha256:17685dc3ca9095cb85f8b19f1002f29c9516c045df647cd086a9d4ff7f93dfee"},
    {file = "sherpa_onnx-1.10.22-cp38-cp38-macosx_11_0_x86_64.whl", hash = "sha256:19c6b28f12047582c9f70c2c950c5f0bed3455a2949b732a29e472c3f08f3fe9"},
    {file = "sherpa_onnx-1.10.22-cp38-cp38-manylinux_2_17_aarch64.manylinux2014_aarch64.whl", hash = "sha256:edd61541324e198a26220a9d0d85679c8aa962ae3c6dd8f76226f250191f0cc5"},
    {file = "sherpa_onnx-1.10.22-cp38-cp38-manylinux_2_17_x86_64.manylinux2014_x86_64.whl", hash = "sha256:7963a7f87318ea3c7c2a60dbf5052356d608029bb6b536e8881b62313de5dbc7"},
    {file = "sherpa_onnx-1.10.22-cp38-cp38-win32.whl", hash = "sha256:e986d5a2fbca2b3fc5027f3d6e5b552639ad4375cb742b77b74f4ee8164afb1c"},
    {file = "sherpa_onnx-1.10.22-cp38-cp38-win_amd64.whl", hash = "sha256:485b1ef4f9bbca803ddea7ff50cebf83970ff00983d6d3d9f9200e724e70f6ff"},
    {file = "sherpa_onnx-1.10.22-cp39-cp39-linux_armv7l.whl", hash = "sha256:c4d6ae0e0becba99150357ce1a1d3218e1a736fe7cc060e5a0c6e0de18abd353"},
    {file = "sherpa_onnx-1.10.22-cp39-cp39-macosx_11_0_arm64.whl", hash = "sha256:f6d79aaae0e0a8864881213dbd786b63f704138c26f3ab1606563e239cc1da7a"},
    {file = "sherpa_onnx-1.10.22-cp39-cp39-macosx_11_0_universal2.whl", hash = "sha256:c9f5e1286296eee09d19c08bdb24ffbd5f8d1d7e8bd03df32e7f7e5a4f576acf"},
    {file = "sherpa_onnx-1.10.22-cp39-cp39-macosx_11_0_x86_64.whl", hash = "sha256:b5533e6448fa7b76077d2c406c186fa5178e547751946fb2a8a30ae3faab46b6"},
    {file = "sherpa_onnx-1.10.22-cp39-cp39-manylinux_2_17_aarch64.manylinux2014_aarch64.whl", hash = "sha256:a2d5696e903bea388735ccb79f8ca6c0074e096d4359f4cfc4bba1c12ff61373"},
    {file = "sherpa_onnx-1.10.22-cp39-cp39-manylinux_2_17_x86_64.manylinux2014_x86_64.whl", hash = "sha256:95a79b9ca12ca3a1985d1294e124d1c5bad835315955175c3fceb6dece8df643"},
    {file = "sherpa_onnx-1.10.22-cp39-cp39-win32.whl", hash = "sha256:a56f1cf8d1ebd40ba84eed88a52250de731d36c334f16f4e4a48019de557f47f"},
    {file = "sherpa_onnx-1.10.22-cp39-cp39-win_amd64.whl", hash = "sha256:49016717049b708346cdd125a7efa3cae927ce3b47dc97003270de9270398a8f"},
]

[[package]]
name = "shiboken6"
version = "6.7.2"
description = "Python/C++ bindings helper module"
optional = false
python-versions = "<3.13,>=3.9"
files = [
    {file = "shiboken6-6.7.2-cp39-abi3-macosx_11_0_universal2.whl", hash = "sha256:50c33ac6317b673a1eb97a9abaafccb162c4ba0c9ca658a8e449c49a8aadc379"},
    {file = "shiboken6-6.7.2-cp39-abi3-manylinux_2_28_x86_64.whl", hash = "sha256:70e80737b27cd5d83504b373013b55e70462bd4a27217d919ff9a83958731990"},
    {file = "shiboken6-6.7.2-cp39-abi3-manylinux_2_31_aarch64.whl", hash = "sha256:98bedf9a15f1d8ba1af3e4d1e7527f7946ce36da541e08074fd9dc9ab5ff1adf"},
    {file = "shiboken6-6.7.2-cp39-abi3-win_amd64.whl", hash = "sha256:9024e6afb2af1568ebfc8a5d07e4ff6c8829f40923eeb28901f535463e2b6b65"},
]

[metadata]
lock-version = "2.0"
python-versions = ">=3.9,<3.13"
content-hash = "b081bc2d56d6e69407e74ec026c297cd0c8c20250f16fdee81e89878a4b66148"
